# THIS IS AN AUTOGENERATED FILE. DO NOT EDIT THIS FILE DIRECTLY.
# yarn lockfile v1


bootstrap-datepicker@^1.7.1:
  version "1.9.0"
  resolved "https://registry.nlark.com/bootstrap-datepicker/download/bootstrap-datepicker-1.9.0.tgz#e4bfce3fcce1967876b21dc6833ec5994aaed090"
  integrity sha1-5L/OP8zhlnh2sh3Ggz7FmUqu0JA=
  dependencies:
    jquery ">=1.7.1 <4.0.0"

bootstrap@3:
  version "3.4.1"
  resolved "https://registry.nlark.com/bootstrap/download/bootstrap-3.4.1.tgz#c3a347d419e289ad11f4033e3c4132b87c081d72"
  integrity sha1-w6NH1Bniia0R9AM+PEEyuHwIHXI=

font-awesome@4:
  version "4.7.0"
  resolved "https://registry.npm.taobao.org/font-awesome/download/font-awesome-4.7.0.tgz#8fa8cf0411a1a31afd07b06d2902bb9fc815a133"
  integrity sha1-j6jPBBGhoxr9B7BtKQK7n8gVoTM=

highlightjs@^9.10.0:
  version "9.16.2"
  resolved "https://registry.nlark.com/highlightjs/download/highlightjs-9.16.2.tgz#07ea6cc7c93340fc440734fb7abf28558f1f0fe1"
  integrity sha1-B+psx8kzQPxEBzT7er8oVY8fD+E=

jquery@3, "jquery@>=1.7.1 <4.0.0":
  version "3.6.0"
  resolved "https://registry.npm.taobao.org/jquery/download/jquery-3.6.0.tgz#c72a09f15c1bdce142f49dbf1170bdf8adac2470"
  integrity sha1-xyoJ8Vwb3OFC9J2/EXC9+K2sJHA=
